// !$*UTF8*$!
{
	archiveVersion = 1;
	classes = {
	};
	objectVersion = 48;
	objects = {

/* Begin PBXBuildFile section */
		317535DA2064D43400325FB9 /* AppDelegate.m in Sources */ = {isa = PBXBuildFile; fileRef = 317535D92064D43400325FB9 /* AppDelegate.m */; };
		317535DD2064D43400325FB9 /* ViewController.m in Sources */ = {isa = PBXBuildFile; fileRef = 317535DC2064D43400325FB9 /* ViewController.m */; };
		317535E02064D43400325FB9 /* Main.storyboard in Resources */ = {isa = PBXBuildFile; fileRef = 317535DE2064D43400325FB9 /* Main.storyboard */; };
		317535E22064D43400325FB9 /* Assets.xcassets in Resources */ = {isa = PBXBuildFile; fileRef = 317535E12064D43400325FB9 /* Assets.xcassets */; };
		317535E52064D43400325FB9 /* LaunchScreen.storyboard in Resources */ = {isa = PBXBuildFile; fileRef = 317535E32064D43400325FB9 /* LaunchScreen.storyboard */; };
		317535E82064D43400325FB9 /* main.m in Sources */ = {isa = PBXBuildFile; fileRef = 317535E72064D43400325FB9 /* main.m */; };
		317535F02064D44F00325FB9 /* NSObject+AJieKVO.m in Sources */ = {isa = PBXBuildFile; fileRef = 317535EF2064D44F00325FB9 /* NSObject+AJieKVO.m */; };
		317535F32064D46A00325FB9 /* Student.m in Sources */ = {isa = PBXBuildFile; fileRef = 317535F22064D46A00325FB9 /* Student.m */; };
/* End PBXBuildFile section */

/* Begin PBXFileReference section */
		317535D52064D43400325FB9 /* KVO原理探究.app */ = {isa = PBXFileReference; explicitFileType = wrapper.application; includeInIndex = 0; path = "KVO原理探究.app"; sourceTree = BUILT_PRODUCTS_DIR; };
		317535D82064D43400325FB9 /* AppDelegate.h */ = {isa = PBXFileReference; lastKnownFileType = sourcecode.c.h; path = AppDelegate.h; sourceTree = "<group>"; };
		317535D92064D43400325FB9 /* AppDelegate.m */ = {isa = PBXFileReference; lastKnownFileType = sourcecode.c.objc; path = AppDelegate.m; sourceTree = "<group>"; };
		317535DB2064D43400325FB9 /* ViewController.h */ = {isa = PBXFileReference; lastKnownFileType = sourcecode.c.h; path = ViewController.h; sourceTree = "<group>"; };
		317535DC2064D43400325FB9 /* ViewController.m */ = {isa = PBXFileReference; lastKnownFileType = sourcecode.c.objc; path = ViewController.m; sourceTree = "<group>"; };
		317535DF2064D43400325FB9 /* Base */ = {isa = PBXFileReference; lastKnownFileType = file.storyboard; name = Base; path = Base.lproj/Main.storyboard; sourceTree = "<group>"; };
		317535E12064D43400325FB9 /* Assets.xcassets */ = {isa = PBXFileReference; lastKnownFileType = folder.assetcatalog; path = Assets.xcassets; sourceTree = "<group>"; };
		317535E42064D43400325FB9 /* Base */ = {isa = PBXFileReference; lastKnownFileType = file.storyboard; name = Base; path = Base.lproj/LaunchScreen.storyboard; sourceTree = "<group>"; };
		317535E62064D43400325FB9 /* Info.plist */ = {isa = PBXFileReference; lastKnownFileType = text.plist.xml; path = Info.plist; sourceTree = "<group>"; };
		317535E72064D43400325FB9 /* main.m */ = {isa = PBXFileReference; lastKnownFileType = sourcecode.c.objc; path = main.m; sourceTree = "<group>"; };
		317535EE2064D44F00325FB9 /* NSObject+AJieKVO.h */ = {isa = PBXFileReference; fileEncoding = 4; lastKnownFileType = sourcecode.c.h; path = "NSObject+AJieKVO.h"; sourceTree = "<group>"; };
		317535EF2064D44F00325FB9 /* NSObject+AJieKVO.m */ = {isa = PBXFileReference; fileEncoding = 4; lastKnownFileType = sourcecode.c.objc; path = "NSObject+AJieKVO.m"; sourceTree = "<group>"; };
		317535F12064D46A00325FB9 /* Student.h */ = {isa = PBXFileReference; lastKnownFileType = sourcecode.c.h; path = Student.h; sourceTree = "<group>"; };
		317535F22064D46A00325FB9 /* Student.m */ = {isa = PBXFileReference; lastKnownFileType = sourcecode.c.objc; path = Student.m; sourceTree = "<group>"; };
/* End PBXFileReference section */

/* Begin PBXFrameworksBuildPhase section */
		317535D22064D43400325FB9 /* Frameworks */ = {
			isa = PBXFrameworksBuildPhase;
			buildActionMask = 2147483647;
			files = (
			);
			runOnlyForDeploymentPostprocessing = 0;
		};
/* End PBXFrameworksBuildPhase section */

/* Begin PBXGroup section */
		317535CC2064D43400325FB9 = {
			isa = PBXGroup;
			children = (
				317535D72064D43400325FB9 /* KVO原理探究 */,
				317535D62064D43400325FB9 /* Products */,
			);
			sourceTree = "<group>";
		};
		317535D62064D43400325FB9 /* Products */ = {
			isa = PBXGroup;
			children = (
				317535D52064D43400325FB9 /* KVO原理探究.app */,
			);
			name = Products;
			sourceTree = "<group>";
		};
		317535D72064D43400325FB9 /* KVO原理探究 */ = {
			isa = PBXGroup;
			children = (
				317535D82064D43400325FB9 /* AppDelegate.h */,
				317535D92064D43400325FB9 /* AppDelegate.m */,
				317535DB2064D43400325FB9 /* ViewController.h */,
				317535DC2064D43400325FB9 /* ViewController.m */,
				317535F12064D46A00325FB9 /* Student.h */,
				317535F22064D46A00325FB9 /* Student.m */,
				317535EE2064D44F00325FB9 /* NSObject+AJieKVO.h */,
				317535EF2064D44F00325FB9 /* NSObject+AJieKVO.m */,
				317535DE2064D43400325FB9 /* Main.storyboard */,
				317535E12064D43400325FB9 /* Assets.xcassets */,
				317535E32064D43400325FB9 /* LaunchScreen.storyboard */,
				317535E62064D43400325FB9 /* Info.plist */,
				317535E72064D43400325FB9 /* main.m */,
			);
			path = "KVO原理探究";
			sourceTree = "<group>";
		};
/* End PBXGroup section */

/* Begin PBXNativeTarget section */
		317535D42064D43400325FB9 /* KVO原理探究 */ = {
			isa = PBXNativeTarget;
			buildConfigurationList = 317535EB2064D43400325FB9 /* Build configuration list for PBXNativeTarget "KVO原理探究" */;
			buildPhases = (
				317535D12064D43400325FB9 /* Sources */,
				317535D22064D43400325FB9 /* Frameworks */,
				317535D32064D43400325FB9 /* Resources */,
			);
			buildRules = (
			);
			dependencies = (
			);
			name = "KVO原理探究";
			productName = "KVO原理探究";
			productReference = 317535D52064D43400325FB9 /* KVO原理探究.app */;
			productType = "com.apple.product-type.application";
		};
/* End PBXNativeTarget section */

/* Begin PBXProject section */
		317535CD2064D43400325FB9 /* Project object */ = {
			isa = PBXProject;
			attributes = {
				LastUpgradeCheck = 0920;
				ORGANIZATIONNAME = "颜仁浩";
				TargetAttributes = {
					317535D42064D43400325FB9 = {
						CreatedOnToolsVersion = 9.2;
						ProvisioningStyle = Automatic;
					};
				};
			};
			buildConfigurationList = 317535D02064D43400325FB9 /* Build configuration list for PBXProject "KVO原理探究" */;
			compatibilityVersion = "Xcode 8.0";
			developmentRegion = en;
			hasScannedForEncodings = 0;
			knownRegions = (
				en,
				Base,
			);
			mainGroup = 317535CC2064D43400325FB9;
			productRefGroup = 317535D62064D43400325FB9 /* Products */;
			projectDirPath = "";
			projectRoot = "";
			targets = (
				317535D42064D43400325FB9 /* KVO原理探究 */,
			);
		};
/* End PBXProject section */

/* Begin PBXResourcesBuildPhase section */
		317535D32064D43400325FB9 /* Resources */ = {
			isa = PBXResourcesBuildPhase;
			buildActionMask = 2147483647;
			files = (
				317535E52064D43400325FB9 /* LaunchScreen.storyboard in Resources */,
				317535E22064D43400325FB9 /* Assets.xcassets in Resources */,
				317535E02064D43400325FB9 /* Main.storyboard in Resources */,
			);
			runOnlyForDeploymentPostprocessing = 0;
		};
/* End PBXResourcesBuildPhase section */

/* Begin PBXSourcesBuildPhase section */
		317535D12064D43400325FB9 /* Sources */ = {
			isa = PBXSourcesBuildPhase;
			buildActionMask = 2147483647;
			files = (
				317535DD2064D43400325FB9 /* ViewController.m in Sources */,
				317535F02064D44F00325FB9 /* NSObject+AJieKVO.m in Sources */,
				317535F32064D46A00325FB9 /* Student.m in Sources */,
				317535E82064D43400325FB9 /* main.m in Sources */,
				317535DA2064D43400325FB9 /* AppDelegate.m in Sources */,
			);
			runOnlyForDeploymentPostprocessing = 0;
		};
/* End PBXSourcesBuildPhase section */

/* Begin PBXVariantGroup section */
		317535DE2064D43400325FB9 /* Main.storyboard */ = {
			isa = PBXVariantGroup;
			children = (
				317535DF2064D43400325FB9 /* Base */,
			);
			name = Main.storyboard;
			sourceTree = "<group>";
		};
		317535E32064D43400325FB9 /* LaunchScreen.storyboard */ = {
			isa = PBXVariantGroup;
			children = (
				317535E42064D43400325FB9 /* Base */,
			);
			name = LaunchScreen.storyboard;
			sourceTree = "<group>";
		};
/* End PBXVariantGroup section */

/* Begin XCBuildConfiguration section */
		317535E92064D43400325FB9 /* Debug */ = {
			isa = XCBuildConfiguration;
			buildSettings = {
				ALWAYS_SEARCH_USER_PATHS = NO;
				CLANG_ANALYZER_NONNULL = YES;
				CLANG_ANALYZER_NUMBER_OBJECT_CONVERSION = YES_AGGRESSIVE;
				CLANG_CXX_LANGUAGE_STANDARD = "gnu++14";
				CLANG_CXX_LIBRARY = "libc++";
				CLANG_ENABLE_MODULES = YES;
				CLANG_ENABLE_OBJC_ARC = YES;
				CLANG_WARN_BLOCK_CAPTURE_AUTORELEASING = YES;
				CLANG_WARN_BOOL_CONVERSION = YES;
				CLANG_WARN_COMMA = YES;
				CLANG_WARN_CONSTANT_CONVERSION = YES;
				CLANG_WARN_DIRECT_OBJC_ISA_USAGE = YES_ERROR;
				CLANG_WARN_DOCUMENTATION_COMMENTS = YES;
				CLANG_WARN_EMPTY_BODY = YES;
				CLANG_WARN_ENUM_CONVERSION = YES;
				CLANG_WARN_INFINITE_RECURSION = YES;
				CLANG_WARN_INT_CONVERSION = YES;
				CLANG_WARN_NON_LITERAL_NULL_CONVERSION = YES;
				CLANG_WARN_OBJC_LITERAL_CONVERSION = YES;
				CLANG_WARN_OBJC_ROOT_CLASS = YES_ERROR;
				CLANG_WARN_RANGE_LOOP_ANALYSIS = YES;
				CLANG_WARN_STRICT_PROTOTYPES = YES;
				CLANG_WARN_SUSPICIOUS_MOVE = YES;
				CLANG_WARN_UNGUARDED_AVAILABILITY = YES_AGGRESSIVE;
				CLANG_WARN_UNREACHABLE_CODE = YES;
				CLANG_WARN__DUPLICATE_METHOD_MATCH = YES;
				CODE_SIGN_IDENTITY = "iPhone Developer";
				COPY_PHASE_STRIP = NO;
				DEBUG_INFORMATION_FORMAT = dwarf;
				ENABLE_STRICT_OBJC_MSGSEND = YES;
				ENABLE_TESTABILITY = YES;
				GCC_C_LANGUAGE_STANDARD = gnu11;
				GCC_DYNAMIC_NO_PIC = NO;
				GCC_NO_COMMON_BLOCKS = YES;
				GCC_OPTIMIZATION_LEVEL = 0;
				GCC_PREPROCESSOR_DEFINITIONS = (
					"DEBUG=1",
					"$(inherited)",
				);
				GCC_WARN_64_TO_32_BIT_CONVERSION = YES;
				GCC_WARN_ABOUT_RETURN_TYPE = YES_ERROR;
				GCC_WARN_UNDECLARED_SELECTOR = YES;
				GCC_WARN_UNINITIALIZED_AUTOS = YES_AGGRESSIVE;
				GCC_WARN_UNUSED_FUNCTION = YES;
				GCC_WARN_UNUSED_VARIABLE = YES;
				IPHONEOS_DEPLOYMENT_TARGET = 11.2;
				MTL_ENABLE_DEBUG_INFO = YES;
				ONLY_ACTIVE_ARCH = YES;
				SDKROOT = iphoneos;
			};
			name = Debug;
		};
		317535EA2064D43400325FB9 /* Release */ = {
			isa = XCBuildConfiguration;
			buildSettings = {
				ALWAYS_SEARCH_USER_PATHS = NO;
				CLANG_ANALYZER_NONNULL = YES;
				CLANG_ANALYZER_NUMBER_OBJECT_CONVERSION = YES_AGGRESSIVE;
				CLANG_CXX_LANGUAGE_STANDARD = "gnu++14";
				CLANG_CXX_LIBRARY = "libc++";
				CLANG_ENABLE_MODULES = YES;
				CLANG_ENABLE_OBJC_ARC = YES;
				CLANG_WARN_BLOCK_CAPTURE_AUTORELEASING = YES;
				CLANG_WARN_BOOL_CONVERSION = YES;
				CLANG_WARN_COMMA = YES;
				CLANG_WARN_CONSTANT_CONVERSION = YES;
				CLANG_WARN_DIRECT_OBJC_ISA_USAGE = YES_ERROR;
				CLANG_WARN_DOCUMENTATION_COMMENTS = YES;
				CLANG_WARN_EMPTY_BODY = YES;
				CLANG_WARN_ENUM_CONVERSION = YES;
				CLANG_WARN_INFINITE_RECURSION = YES;
				CLANG_WARN_INT_CONVERSION = YES;
				CLANG_WARN_NON_LITERAL_NULL_CONVERSION = YES;
				CLANG_WARN_OBJC_LITERAL_CONVERSION = YES;
				CLANG_WARN_OBJC_ROOT_CLASS = YES_ERROR;
				CLANG_WARN_RANGE_LOOP_ANALYSIS = YES;
				CLANG_WARN_STRICT_PROTOTYPES = YES;
				CLANG_WARN_SUSPICIOUS_MOVE = YES;
				CLANG_WARN_UNGUARDED_AVAILABILITY = YES_AGGRESSIVE;
				CLANG_WARN_UNREACHABLE_CODE = YES;
				CLANG_WARN__DUPLICATE_METHOD_MATCH = YES;
				CODE_SIGN_IDENTITY = "iPhone Developer";
				COPY_PHASE_STRIP = NO;
				DEBUG_INFORMATION_FORMAT = "dwarf-with-dsym";
				ENABLE_NS_ASSERTIONS = NO;
				ENABLE_STRICT_OBJC_MSGSEND = YES;
				GCC_C_LANGUAGE_STANDARD = gnu11;
				GCC_NO_COMMON_BLOCKS = YES;
				GCC_WARN_64_TO_32_BIT_CONVERSION = YES;
				GCC_WARN_ABOUT_RETURN_TYPE = YES_ERROR;
				GCC_WARN_UNDECLARED_SELECTOR = YES;
				GCC_WARN_UNINITIALIZED_AUTOS = YES_AGGRESSIVE;
				GCC_WARN_UNUSED_FUNCTION = YES;
				GCC_WARN_UNUSED_VARIABLE = YES;
				IPHONEOS_DEPLOYMENT_TARGET = 11.2;
				MTL_ENABLE_DEBUG_INFO = NO;
				SDKROOT = iphoneos;
				VALIDATE_PRODUCT = YES;
			};
			name = Release;
		};
		317535EC2064D43400325FB9 /* Debug */ = {
			isa = XCBuildConfiguration;
			buildSettings = {
				ASSETCATALOG_COMPILER_APPICON_NAME = AppIcon;
				CODE_SIGN_STYLE = Automatic;
				ENABLE_STRICT_OBJC_MSGSEND = NO;
				INFOPLIST_FILE = "KVO原理探究/Info.plist";
				LD_RUNPATH_SEARCH_PATHS = "$(inherited) @executable_path/Frameworks";
				PRODUCT_BUNDLE_IDENTIFIER = "test.KVO----";
				PRODUCT_NAME = "$(TARGET_NAME)";
				TARGETED_DEVICE_FAMILY = "1,2";
			};
			name = Debug;
		};
		317535ED2064D43400325FB9 /* Release */ = {
			isa = XCBuildConfiguration;
			buildSettings = {
				ASSETCATALOG_COMPILER_APPICON_NAME = AppIcon;
				CODE_SIGN_STYLE = Automatic;
				ENABLE_STRICT_OBJC_MSGSEND = NO;
				INFOPLIST_FILE = "KVO原理探究/Info.plist";
				LD_RUNPATH_SEARCH_PATHS = "$(inherited) @executable_path/Frameworks";
				PRODUCT_BUNDLE_IDENTIFIER = "test.KVO----";
				PRODUCT_NAME = "$(TARGET_NAME)";
				TARGETED_DEVICE_FAMILY = "1,2";
			};
			name = Release;
		};
/* End XCBuildConfiguration section */

/* Begin XCConfigurationList section */
		317535D02064D43400325FB9 /* Build configuration list for PBXProject "KVO原理探究" */ = {
			isa = XCConfigurationList;
			buildConfigurations = (
				317535E92064D43400325FB9 /* Debug */,
				317535EA2064D43400325FB9 /* Release */,
			);
			defaultConfigurationIsVisible = 0;
			defaultConfigurationName = Release;
		};
		317535EB2064D43400325FB9 /* Build configuration list for PBXNativeTarget "KVO原理探究" */ = {
			isa = XCConfigurationList;
			buildConfigurations = (
				317535EC2064D43400325FB9 /* Debug */,
				317535ED2064D43400325FB9 /* Release */,
			);
			defaultConfigurationIsVisible = 0;
			defaultConfigurationName = Release;
		};
/* End XCConfigurationList section */
	};
	rootObject = 317535CD2064D43400325FB9 /* Project object */;
}
